
Microsoft Visual Studio Solution File, Format Version 12.00
# Visual Studio 15
VisualStudioVersion = 15.0.28307.329
MinimumVisualStudioVersion = 10.0.40219.1
Project("{FAE04EC0-301F-11D3-BF4B-00C04F79EFBC}") = "CapstoneDesktopApp", "CapstoneDesktopApp\CapstoneDesktopApp.csproj", "{D04FE9D1-A0A6-4A35-B9A2-732C9AB1CB2D}"
EndProject
Global
	GlobalSection(SolutionConfigurationPlatforms) = preSolution
		Debug|Any CPU = Debug|Any CPU
		Release|Any CPU = Release|Any CPU
	EndGlobalSection
	GlobalSection(ProjectConfigurationPlatforms) = postSolution
		{D04FE9D1-A0A6-4A35-B9A2-732C9AB1CB2D}.Debug|Any CPU.ActiveCfg = Debug|Any CPU
		{D04FE9D1-A0A6-4A35-B9A2-732C9AB1CB2D}.Debug|Any CPU.Build.0 = Debug|Any CPU
		{D04FE9D1-A0A6-4A35-B9A2-732C9AB1CB2D}.Release|Any CPU.ActiveCfg = Release|Any CPU
		{D04FE9D1-A0A6-4A35-B9A2-732C9AB1CB2D}.Release|Any CPU.Build.0 = Release|Any CPU
	EndGlobalSection
	GlobalSection(SolutionProperties) = preSolution
		HideSolutionNode = FALSE
	EndGlobalSection
	GlobalSection(ExtensibilityGlobals) = postSolution
		SolutionGuid = {E89AA179-1000-4AA8-81F6-0C6ABF95AC0F}
	EndGlobalSection
EndGlobal
